
Microsoft Visual Studio Solution File, Format Version 12.00
# Visual Studio 15
VisualStudioVersion = 15.0.27130.2027
MinimumVisualStudioVersion = 10.0.40219.1
Project("{9A19103F-16F7-4668-BE54-9A1E7A4F7556}") = "Domain.Core", "SalaryCalculator\Domain.Core.csproj", "{7216DDF0-F9E5-4BE7-A2D9-3E1658900FC1}"
EndProject
Project("{2150E333-8FDC-42A3-9474-1A3956D46DE8}") = "Domain", "Domain", "{D6E4F10D-050E-41C2-B649-F5E0C6694E84}"
EndProject
Project("{2150E333-8FDC-42A3-9474-1A3956D46DE8}") = "Infrastructure", "Infrastructure", "{A3C10B3F-66CE-477C-866E-F846E8F4D52D}"
EndProject
Project("{FAE04EC0-301F-11D3-BF4B-00C04F79EFBC}") = "Domain.Tests", "Domain.Tests\Domain.Tests.csproj", "{1A7E69E1-407C-4171-959A-B089E3BE457A}"
EndProject
Project("{2150E333-8FDC-42A3-9474-1A3956D46DE8}") = "Solution Items", "Solution Items", "{6574B62D-FF16-4D02-B64C-E183A6ED9C6E}"
	ProjectSection(SolutionItems) = preProject
		EmployeeDB.db = EmployeeDB.db
		EmployeesTable.sql = EmployeesTable.sql
		README.md = README.md
	EndProjectSection
EndProject
Project("{FAE04EC0-301F-11D3-BF4B-00C04F79EFBC}") = "ConsoleSalaryCalculator", "ConsoleSalaryCalculator\ConsoleSalaryCalculator.csproj", "{4029A16A-44C2-4D74-A22B-5DF371D9F428}"
EndProject
Project("{FAE04EC0-301F-11D3-BF4B-00C04F79EFBC}") = "Infrastructure.Database", "Database\Infrastructure.Database.csproj", "{EA1EB769-EE58-45F2-8977-88756BBCB8DC}"
EndProject
Project("{FAE04EC0-301F-11D3-BF4B-00C04F79EFBC}") = "Domain.Interfaces", "Domain.Interfaces\Domain.Interfaces.csproj", "{83C628D2-FB68-4644-93AB-FC177DD164B4}"
EndProject
Project("{FAE04EC0-301F-11D3-BF4B-00C04F79EFBC}") = "Infrastructure.Business", "Infrastructure.Business\Infrastructure.Business.csproj", "{710D6A75-D778-465C-9E84-C1F8E9FC8F7D}"
EndProject
Project("{2150E333-8FDC-42A3-9474-1A3956D46DE8}") = "UI", "UI", "{055B0D7F-6D22-4583-80C2-0F76323DDB9D}"
EndProject
Project("{2150E333-8FDC-42A3-9474-1A3956D46DE8}") = "Console", "Console", "{581759F6-4176-49F4-A47E-BDD568411DCC}"
EndProject
Project("{FAE04EC0-301F-11D3-BF4B-00C04F79EFBC}") = "Infrastructure.Business.Tests", "Infrastructure.Business.Tests\Infrastructure.Business.Tests.csproj", "{083C6EB8-AEEB-4A3C-8FE6-C8789ABC6E43}"
EndProject
Project("{2150E333-8FDC-42A3-9474-1A3956D46DE8}") = "Tests", "Tests", "{229C2472-B492-402B-A78F-83296F392C78}"
EndProject
Project("{FAE04EC0-301F-11D3-BF4B-00C04F79EFBC}") = "TestUtils", "TestUtils\TestUtils.csproj", "{59300599-1AEA-4AF2-B588-5C38CE45F6F3}"
EndProject
Project("{FAE04EC0-301F-11D3-BF4B-00C04F79EFBC}") = "Example", "Web\Example.csproj", "{F6E94748-D527-4710-9B2D-90F488D825D4}"
EndProject
Project("{FAE04EC0-301F-11D3-BF4B-00C04F79EFBC}") = "WebApp", "WebApp\WebApp.csproj", "{9E6DD81A-86D2-485F-91BA-B6FF23EA4050}"
EndProject
Global
	GlobalSection(SolutionConfigurationPlatforms) = preSolution
		Debug|Any CPU = Debug|Any CPU
		Release|Any CPU = Release|Any CPU
	EndGlobalSection
	GlobalSection(ProjectConfigurationPlatforms) = postSolution
		{7216DDF0-F9E5-4BE7-A2D9-3E1658900FC1}.Debug|Any CPU.ActiveCfg = Debug|Any CPU
		{7216DDF0-F9E5-4BE7-A2D9-3E1658900FC1}.Debug|Any CPU.Build.0 = Debug|Any CPU
		{7216DDF0-F9E5-4BE7-A2D9-3E1658900FC1}.Release|Any CPU.ActiveCfg = Release|Any CPU
		{7216DDF0-F9E5-4BE7-A2D9-3E1658900FC1}.Release|Any CPU.Build.0 = Release|Any CPU
		{1A7E69E1-407C-4171-959A-B089E3BE457A}.Debug|Any CPU.ActiveCfg = Debug|Any CPU
		{1A7E69E1-407C-4171-959A-B089E3BE457A}.Debug|Any CPU.Build.0 = Debug|Any CPU
		{1A7E69E1-407C-4171-959A-B089E3BE457A}.Release|Any CPU.ActiveCfg = Release|Any CPU
		{1A7E69E1-407C-4171-959A-B089E3BE457A}.Release|Any CPU.Build.0 = Release|Any CPU
		{4029A16A-44C2-4D74-A22B-5DF371D9F428}.Debug|Any CPU.ActiveCfg = Debug|Any CPU
		{4029A16A-44C2-4D74-A22B-5DF371D9F428}.Debug|Any CPU.Build.0 = Debug|Any CPU
		{4029A16A-44C2-4D74-A22B-5DF371D9F428}.Release|Any CPU.ActiveCfg = Release|Any CPU
		{4029A16A-44C2-4D74-A22B-5DF371D9F428}.Release|Any CPU.Build.0 = Release|Any CPU
		{EA1EB769-EE58-45F2-8977-88756BBCB8DC}.Debug|Any CPU.ActiveCfg = Debug|Any CPU
		{EA1EB769-EE58-45F2-8977-88756BBCB8DC}.Debug|Any CPU.Build.0 = Debug|Any CPU
		{EA1EB769-EE58-45F2-8977-88756BBCB8DC}.Release|Any CPU.ActiveCfg = Release|Any CPU
		{EA1EB769-EE58-45F2-8977-88756BBCB8DC}.Release|Any CPU.Build.0 = Release|Any CPU
		{83C628D2-FB68-4644-93AB-FC177DD164B4}.Debug|Any CPU.ActiveCfg = Debug|Any CPU
		{83C628D2-FB68-4644-93AB-FC177DD164B4}.Debug|Any CPU.Build.0 = Debug|Any CPU
		{83C628D2-FB68-4644-93AB-FC177DD164B4}.Release|Any CPU.ActiveCfg = Release|Any CPU
		{83C628D2-FB68-4644-93AB-FC177DD164B4}.Release|Any CPU.Build.0 = Release|Any CPU
		{710D6A75-D778-465C-9E84-C1F8E9FC8F7D}.Debug|Any CPU.ActiveCfg = Debug|Any CPU
		{710D6A75-D778-465C-9E84-C1F8E9FC8F7D}.Debug|Any CPU.Build.0 = Debug|Any CPU
		{710D6A75-D778-465C-9E84-C1F8E9FC8F7D}.Release|Any CPU.ActiveCfg = Release|Any CPU
		{710D6A75-D778-465C-9E84-C1F8E9FC8F7D}.Release|Any CPU.Build.0 = Release|Any CPU
		{083C6EB8-AEEB-4A3C-8FE6-C8789ABC6E43}.Debug|Any CPU.ActiveCfg = Debug|Any CPU
		{083C6EB8-AEEB-4A3C-8FE6-C8789ABC6E43}.Debug|Any CPU.Build.0 = Debug|Any CPU
		{083C6EB8-AEEB-4A3C-8FE6-C8789ABC6E43}.Release|Any CPU.ActiveCfg = Release|Any CPU
		{083C6EB8-AEEB-4A3C-8FE6-C8789ABC6E43}.Release|Any CPU.Build.0 = Release|Any CPU
		{59300599-1AEA-4AF2-B588-5C38CE45F6F3}.Debug|Any CPU.ActiveCfg = Debug|Any CPU
		{59300599-1AEA-4AF2-B588-5C38CE45F6F3}.Debug|Any CPU.Build.0 = Debug|Any CPU
		{59300599-1AEA-4AF2-B588-5C38CE45F6F3}.Release|Any CPU.ActiveCfg = Release|Any CPU
		{59300599-1AEA-4AF2-B588-5C38CE45F6F3}.Release|Any CPU.Build.0 = Release|Any CPU
		{F6E94748-D527-4710-9B2D-90F488D825D4}.Debug|Any CPU.ActiveCfg = Debug|Any CPU
		{F6E94748-D527-4710-9B2D-90F488D825D4}.Debug|Any CPU.Build.0 = Debug|Any CPU
		{F6E94748-D527-4710-9B2D-90F488D825D4}.Release|Any CPU.ActiveCfg = Release|Any CPU
		{F6E94748-D527-4710-9B2D-90F488D825D4}.Release|Any CPU.Build.0 = Release|Any CPU
		{9E6DD81A-86D2-485F-91BA-B6FF23EA4050}.Debug|Any CPU.ActiveCfg = Debug|Any CPU
		{9E6DD81A-86D2-485F-91BA-B6FF23EA4050}.Debug|Any CPU.Build.0 = Debug|Any CPU
		{9E6DD81A-86D2-485F-91BA-B6FF23EA4050}.Release|Any CPU.ActiveCfg = Release|Any CPU
		{9E6DD81A-86D2-485F-91BA-B6FF23EA4050}.Release|Any CPU.Build.0 = Release|Any CPU
	EndGlobalSection
	GlobalSection(SolutionProperties) = preSolution
		HideSolutionNode = FALSE
	EndGlobalSection
	GlobalSection(NestedProjects) = preSolution
		{7216DDF0-F9E5-4BE7-A2D9-3E1658900FC1} = {D6E4F10D-050E-41C2-B649-F5E0C6694E84}
		{1A7E69E1-407C-4171-959A-B089E3BE457A} = {229C2472-B492-402B-A78F-83296F392C78}
		{4029A16A-44C2-4D74-A22B-5DF371D9F428} = {581759F6-4176-49F4-A47E-BDD568411DCC}
		{EA1EB769-EE58-45F2-8977-88756BBCB8DC} = {A3C10B3F-66CE-477C-866E-F846E8F4D52D}
		{83C628D2-FB68-4644-93AB-FC177DD164B4} = {D6E4F10D-050E-41C2-B649-F5E0C6694E84}
		{710D6A75-D778-465C-9E84-C1F8E9FC8F7D} = {A3C10B3F-66CE-477C-866E-F846E8F4D52D}
		{581759F6-4176-49F4-A47E-BDD568411DCC} = {055B0D7F-6D22-4583-80C2-0F76323DDB9D}
		{083C6EB8-AEEB-4A3C-8FE6-C8789ABC6E43} = {229C2472-B492-402B-A78F-83296F392C78}
		{59300599-1AEA-4AF2-B588-5C38CE45F6F3} = {229C2472-B492-402B-A78F-83296F392C78}
		{F6E94748-D527-4710-9B2D-90F488D825D4} = {055B0D7F-6D22-4583-80C2-0F76323DDB9D}
		{9E6DD81A-86D2-485F-91BA-B6FF23EA4050} = {055B0D7F-6D22-4583-80C2-0F76323DDB9D}
	EndGlobalSection
	GlobalSection(ExtensibilityGlobals) = postSolution
		SolutionGuid = {56B58DF3-C8A0-4ABA-98AA-EAF23118A29C}
	EndGlobalSection
EndGlobal
